
Microsoft Visual Studio Solution File, Format Version 12.00
# Visual Studio 14
VisualStudioVersion = 14.0.25420.1
MinimumVisualStudioVersion = 10.0.40219.1
Project("{33AD0EE8-D99B-4E14-8CD9-3F56ABEF97A2}") = "GuruBackend", "GuruBackend\GuruBackend.funproj", "{D04A857D-7CBA-4702-82FF-F17AC8F5BA6E}"
	ProjectSection(ProjectDependencies) = postProject
		{1F46E81F-D95D-4078-BECA-538C15A2656E} = {1F46E81F-D95D-4078-BECA-538C15A2656E}
	EndProjectSection
EndProject
Project("{FAE04EC0-301F-11D3-BF4B-00C04F79EFBC}") = "GuruLoader", "GuruLoader\GuruLoader.csproj", "{1F46E81F-D95D-4078-BECA-538C15A2656E}"
EndProject
Project("{FAE04EC0-301F-11D3-BF4B-00C04F79EFBC}") = "ConsoleFollower", "ConsoleFollower\ConsoleFollower.csproj", "{B7858D80-0F4D-4D5C-B468-2739B0C57657}"
EndProject
Project("{FAE04EC0-301F-11D3-BF4B-00C04F79EFBC}") = "GuruLoaderTests", "GuruLoaderTests\GuruLoaderTests.csproj", "{AFBD4934-5894-4042-ACA5-D3BEBA6382D7}"
EndProject
Project("{2150E333-8FDC-42A3-9474-1A3956D46DE8}") = "Solution Items", "Solution Items", "{264BDE0A-0F07-4D9F-B60A-DCE961A29456}"
	ProjectSection(SolutionItems) = preProject
		LICENSE = LICENSE
		Readme.md = Readme.md
	EndProjectSection
EndProject
Global
	GlobalSection(SolutionConfigurationPlatforms) = preSolution
		Debug|Any CPU = Debug|Any CPU
		Release|Any CPU = Release|Any CPU
	EndGlobalSection
	GlobalSection(ProjectConfigurationPlatforms) = postSolution
		{D04A857D-7CBA-4702-82FF-F17AC8F5BA6E}.Debug|Any CPU.ActiveCfg = Debug|Any CPU
		{D04A857D-7CBA-4702-82FF-F17AC8F5BA6E}.Debug|Any CPU.Build.0 = Debug|Any CPU
		{D04A857D-7CBA-4702-82FF-F17AC8F5BA6E}.Release|Any CPU.ActiveCfg = Release|Any CPU
		{D04A857D-7CBA-4702-82FF-F17AC8F5BA6E}.Release|Any CPU.Build.0 = Release|Any CPU
		{1F46E81F-D95D-4078-BECA-538C15A2656E}.Debug|Any CPU.ActiveCfg = Debug|Any CPU
		{1F46E81F-D95D-4078-BECA-538C15A2656E}.Debug|Any CPU.Build.0 = Debug|Any CPU
		{1F46E81F-D95D-4078-BECA-538C15A2656E}.Release|Any CPU.ActiveCfg = Release|Any CPU
		{1F46E81F-D95D-4078-BECA-538C15A2656E}.Release|Any CPU.Build.0 = Release|Any CPU
		{B7858D80-0F4D-4D5C-B468-2739B0C57657}.Debug|Any CPU.ActiveCfg = Debug|Any CPU
		{B7858D80-0F4D-4D5C-B468-2739B0C57657}.Debug|Any CPU.Build.0 = Debug|Any CPU
		{B7858D80-0F4D-4D5C-B468-2739B0C57657}.Release|Any CPU.ActiveCfg = Release|Any CPU
		{B7858D80-0F4D-4D5C-B468-2739B0C57657}.Release|Any CPU.Build.0 = Release|Any CPU
		{AFBD4934-5894-4042-ACA5-D3BEBA6382D7}.Debug|Any CPU.ActiveCfg = Debug|Any CPU
		{AFBD4934-5894-4042-ACA5-D3BEBA6382D7}.Debug|Any CPU.Build.0 = Debug|Any CPU
		{AFBD4934-5894-4042-ACA5-D3BEBA6382D7}.Release|Any CPU.ActiveCfg = Release|Any CPU
		{AFBD4934-5894-4042-ACA5-D3BEBA6382D7}.Release|Any CPU.Build.0 = Release|Any CPU
	EndGlobalSection
	GlobalSection(SolutionProperties) = preSolution
		HideSolutionNode = FALSE
	EndGlobalSection
EndGlobal
